{
  "nodes": {
    "nixpkgs": {
      "locked": {
        "lastModified": 1741010256,
        "narHash": "sha256-WZNlK/KX7Sni0RyqLSqLPbK8k08Kq7H7RijPJbq9KHM=",
        "owner": "nixos",
        "repo": "nixpkgs",
        "rev": "ba487dbc9d04e0634c64e3b1f0d25839a0a68246",
        "type": "github"
      },
      "original": {
        "owner": "nixos",
        "ref": "nixos-unstable",
        "repo": "nixpkgs",
        "type": "github"
      }
    },
    "root": {
      "inputs": {
        "nixpkgs": "nixpkgs",
        "zad1": "zad1"
      }
    },
    "zad1": {
      "inputs": {
        "nixpkgs": [
          "nixpkgs"
        ]
      },
      "locked": {
        "lastModified": 1,
        "narHash": "sha256-FNghWBDyL3oFpBq4YNpHL2mLrrRXP9OM/Lg1EiwLsXA=",
        "path": "./zad1",
        "type": "path"
      },
      "original": {
        "path": "./zad1",
        "type": "path"
      }
    }
  },
  "root": "root",
  "version": 7
}
